[[package]]
name = "altair"
version = "5.1.2"
description = "Vega-Altair: A declarative statistical visualization library for Python."
category = "main"
optional = false
python-versions = ">=3.8"

[package.dependencies]
jinja2 = "*"
jsonschema = ">=3.0"
numpy = "*"
packaging = "*"
pandas = ">=0.25"
toolz = "*"

[package.extras]
dev = ["anywidget", "black (<24)", "hatch", "ipython", "m2r", "mypy", "pandas-stubs", "pyarrow (>=11)", "pytest", "pytest-cov", "ruff", "types-jsonschema", "types-setuptools", "vega-datasets", "vegafusion[embed] (>=1.4.0)", "vl-convert-python (>=0.14.0)"]
doc = ["docutils", "geopandas", "jinja2", "myst-parser", "numpydoc", "pillow (>=9,<10)", "pydata-sphinx-theme", "scipy", "sphinx", "sphinx-copybutton", "sphinx-design", "sphinxext-altair"]

[[package]]
name = "annotated-types"
version = "0.6.0"
description = "Reusable constraint types to use with typing.Annotated"
category = "main"
optional = false
python-versions = ">=3.8"

[[package]]
name = "appdirs"
version = "1.4.4"
description = "A small Python module for determining appropriate platform-specific dirs, e.g. a \"user data dir\"."
category = "main"
optional = false
python-versions = "*"

[[package]]
name = "appnope"
version = "0.1.3"
description = "Disable App Nap on macOS >= 10.9"
category = "main"
optional = false
python-versions = "*"

[[package]]
name = "asttokens"
version = "2.4.1"
description = "Annotate AST trees with source code positions"
category = "main"
optional = false
python-versions = "*"

[package.dependencies]
six = ">=1.12.0"

[package.extras]
astroid = ["astroid (>=1,<2)", "astroid (>=2,<4)"]
test = ["pytest", "astroid (>=1,<2)", "astroid (>=2,<4)"]

[[package]]
name = "attrs"
version = "23.1.0"
description = "Classes Without Boilerplate"
category = "main"
optional = false
python-versions = ">=3.7"

[package.extras]
cov = ["attrs", "coverage[toml] (>=5.3)"]
dev = ["attrs", "pre-commit"]
docs = ["furo", "myst-parser", "sphinx", "sphinx-notfound-page", "sphinxcontrib-towncrier", "towncrier", "zope-interface"]
tests = ["attrs", "zope-interface"]
tests-no-zope = ["cloudpickle", "hypothesis", "mypy (>=1.1.1)", "pympler", "pytest-mypy-plugins", "pytest-xdist", "pytest (>=4.3.0)"]

[[package]]
name = "black"
version = "23.11.0"
description = "The uncompromising code formatter."
category = "main"
optional = false
python-versions = ">=3.8"

[package.dependencies]
click = ">=8.0.0"
mypy-extensions = ">=0.4.3"
packaging = ">=22.0"
pathspec = ">=0.9.0"
platformdirs = ">=2"

[package.extras]
colorama = ["colorama (>=0.4.3)"]
d = ["aiohttp (>=3.7.4)"]
jupyter = ["ipython (>=7.8.0)", "tokenize-rt (>=3.2.0)"]
uvloop = ["uvloop (>=0.15.2)"]

[[package]]
name = "blis"
version = "0.7.11"
description = "The Blis BLAS-like linear algebra library, as a self-contained C-extension."
category = "main"
optional = false
python-versions = "*"

[package.dependencies]
numpy = {version = ">=1.19.0", markers = "python_version >= \"3.9\""}

[[package]]
name = "catalogue"
version = "2.0.10"
description = "Super lightweight function registries for your library"
category = "main"
optional = false
python-versions = ">=3.6"

[[package]]
name = "certifi"
version = "2023.11.17"
description = "Python package for providing Mozilla's CA Bundle."
category = "main"
optional = false
python-versions = ">=3.6"

[[package]]
name = "cffi"
version = "1.16.0"
description = "Foreign Function Interface for Python calling C code."
category = "main"
optional = false
python-versions = ">=3.8"

[package.dependencies]
pycparser = "*"

[[package]]
name = "charset-normalizer"
version = "3.3.2"
description = "The Real First Universal Charset Detector. Open, modern and actively maintained alternative to Chardet."
category = "main"
optional = false
python-versions = ">=3.7.0"

[[package]]
name = "click"
version = "8.1.7"
description = "Composable command line interface toolkit"
category = "main"
optional = false
python-versions = ">=3.7"

[package.dependencies]
colorama = {version = "*", markers = "platform_system == \"Windows\""}

[[package]]
name = "cloudpathlib"
version = "0.16.0"
description = "pathlib-style classes for cloud storage services."
category = "main"
optional = false
python-versions = ">=3.7"

[package.extras]
all = ["cloudpathlib", "cloudpathlib", "cloudpathlib"]
azure = ["azure-storage-blob (>=12)"]
gs = ["google-cloud-storage"]
s3 = ["boto3"]

[[package]]
name = "colorama"
version = "0.4.6"
description = "Cross-platform colored terminal text."
category = "main"
optional = false
python-versions = "!=3.0.*,!=3.1.*,!=3.2.*,!=3.3.*,!=3.4.*,!=3.5.*,!=3.6.*,>=2.7"

[[package]]
name = "comm"
version = "0.2.0"
description = "Jupyter Python Comm implementation, for usage in ipykernel, xeus-python etc."
category = "main"
optional = false
python-versions = ">=3.8"

[package.dependencies]
traitlets = ">=4"

[package.extras]
test = ["pytest"]

[[package]]
name = "confection"
version = "0.1.4"
description = "The sweetest config system for Python"
category = "main"
optional = false
python-versions = ">=3.6"

[package.dependencies]
pydantic = ">=1.7.4,<1.8 || >1.8,<1.8.1 || >1.8.1,<3.0.0"
srsly = ">=2.4.0,<3.0.0"

[[package]]
name = "cymem"
version = "2.0.8"
description = "Manage calls to calloc/free through Cython"
category = "main"
optional = false
python-versions = "*"

[[package]]
name = "debugpy"
version = "1.8.0"
description = "An implementation of the Debug Adapter Protocol for Python"
category = "main"
optional = false
python-versions = ">=3.8"

[[package]]
name = "decorator"
version = "5.1.1"
description = "Decorators for Humans"
category = "main"
optional = false
python-versions = ">=3.5"

[[package]]
name = "docker-pycreds"
version = "0.4.0"
description = "Python bindings for the docker credentials store API"
category = "main"
optional = false
python-versions = "*"

[package.dependencies]
six = ">=1.4.0"

[[package]]
name = "executing"
version = "2.0.1"
description = "Get the currently executing AST node of a frame, and other information"
category = "main"
optional = false
python-versions = ">=3.5"

[package.extras]
tests = ["asttokens (>=2.1.0)", "ipython", "pytest", "coverage", "coverage-enable-subprocess", "littleutils", "rich"]

[[package]]
name = "fastjsonschema"
version = "2.19.0"
description = "Fastest Python implementation of JSON schema"
category = "main"
optional = false
python-versions = "*"

[package.extras]
devel = ["colorama", "jsonschema", "json-spec", "pylint", "pytest", "pytest-benchmark", "pytest-cache", "validictory"]

[[package]]
name = "filelock"
version = "3.13.1"
description = "A platform independent file lock."
category = "main"
optional = false
python-versions = ">=3.8"

[package.extras]
docs = ["furo (>=2023.9.10)", "sphinx-autodoc-typehints (>=1.24)", "sphinx (>=7.2.6)"]
testing = ["covdefaults (>=2.3)", "coverage (>=7.3.2)", "diff-cover (>=8)", "pytest-cov (>=4.1)", "pytest-mock (>=3.12)", "pytest-timeout (>=2.2)", "pytest (>=7.4.3)"]
typing = ["typing-extensions (>=4.8)"]

[[package]]
name = "flake8"
version = "6.1.0"
description = "the modular source code checker: pep8 pyflakes and co"
category = "main"
optional = false
python-versions = ">=3.8.1"

[package.dependencies]
mccabe = ">=0.7.0,<0.8.0"
pycodestyle = ">=2.11.0,<2.12.0"
pyflakes = ">=3.1.0,<3.2.0"

[[package]]
name = "fsspec"
version = "2023.10.0"
description = "File-system specification"
category = "main"
optional = false
python-versions = ">=3.8"

[package.extras]
abfs = ["adlfs"]
adl = ["adlfs"]
arrow = ["pyarrow (>=1)"]
dask = ["dask", "distributed"]
devel = ["pytest", "pytest-cov"]
dropbox = ["dropboxdrivefs", "requests", "dropbox"]
full = ["adlfs", "aiohttp (!=4.0.0a0,!=4.0.0a1)", "dask", "distributed", "dropbox", "dropboxdrivefs", "fusepy", "gcsfs", "libarchive-c", "ocifs", "panel", "paramiko", "pyarrow (>=1)", "pygit2", "requests", "s3fs", "smbprotocol", "tqdm"]
fuse = ["fusepy"]
gcs = ["gcsfs"]
git = ["pygit2"]
github = ["requests"]
gs = ["gcsfs"]
gui = ["panel"]
hdfs = ["pyarrow (>=1)"]
http = ["requests", "aiohttp (!=4.0.0a0,!=4.0.0a1)"]
libarchive = ["libarchive-c"]
oci = ["ocifs"]
s3 = ["s3fs"]
sftp = ["paramiko"]
smb = ["smbprotocol"]
ssh = ["paramiko"]
tqdm = ["tqdm"]

[[package]]
name = "gitdb"
version = "4.0.11"
description = "Git Object Database"
category = "main"
optional = false
python-versions = ">=3.7"

[package.dependencies]
smmap = ">=3.0.1,<6"

[[package]]
name = "gitpython"
version = "3.1.40"
description = "GitPython is a Python library used to interact with Git repositories"
category = "main"
optional = false
python-versions = ">=3.7"

[package.dependencies]
gitdb = ">=4.0.1,<5"

[package.extras]
test = ["black", "coverage", "ddt (>=1.1.1,!=1.4.3)", "mypy", "pre-commit", "pytest", "pytest-cov", "pytest-instafail", "pytest-subtests", "pytest-sugar", "mock"]

[[package]]
name = "gputil"
version = "1.4.0"
description = "GPUtil is a Python module for getting the GPU status from NVIDA GPUs using nvidia-smi."
category = "main"
optional = false
python-versions = "*"

[[package]]
name = "idna"
version = "3.4"
description = "Internationalized Domain Names in Applications (IDNA)"
category = "main"
optional = false
python-versions = ">=3.5"

[[package]]
name = "ipykernel"
version = "6.27.0"
description = "IPython Kernel for Jupyter"
category = "main"
optional = false
python-versions = ">=3.8"

[package.dependencies]
appnope = {version = "*", markers = "platform_system == \"Darwin\""}
comm = ">=0.1.1"
debugpy = ">=1.6.5"
ipython = ">=7.23.1"
jupyter-client = ">=6.1.12"
jupyter-core = ">=4.12,<5.0.0 || >=5.1.0"
matplotlib-inline = ">=0.1"
nest-asyncio = "*"
packaging = "*"
psutil = "*"
pyzmq = ">=20"
tornado = ">=6.1"
traitlets = ">=5.4.0"

[package.extras]
cov = ["coverage", "curio", "matplotlib", "pytest-cov", "trio"]
docs = ["myst-parser", "pydata-sphinx-theme", "sphinx", "sphinx-autodoc-typehints", "sphinxcontrib-github-alt", "sphinxcontrib-spelling", "trio"]
pyqt5 = ["pyqt5"]
pyside6 = ["pyside6"]
test = ["flaky", "ipyparallel", "pre-commit", "pytest-asyncio", "pytest-cov", "pytest-timeout", "pytest (>=7.0)"]

[[package]]
name = "ipython"
version = "8.17.2"
description = "IPython: Productive Interactive Computing"
category = "main"
optional = false
python-versions = ">=3.9"

[package.dependencies]
appnope = {version = "*", markers = "sys_platform == \"darwin\""}
colorama = {version = "*", markers = "sys_platform == \"win32\""}
decorator = "*"
jedi = ">=0.16"
matplotlib-inline = "*"
pexpect = {version = ">4.3", markers = "sys_platform != \"win32\""}
prompt-toolkit = ">=3.0.30,<3.0.37 || >3.0.37,<3.1.0"
pygments = ">=2.4.0"
stack-data = "*"
traitlets = ">=5"

[package.extras]
all = ["black", "ipykernel", "setuptools (>=18.5)", "sphinx (>=1.3)", "sphinx-rtd-theme", "docrepr", "matplotlib", "stack-data", "pytest (<7)", "typing-extensions", "exceptiongroup", "pytest (<7.1)", "pytest-asyncio (<0.22)", "testpath", "pickleshare", "nbconvert", "nbformat", "ipywidgets", "notebook", "ipyparallel", "qtconsole", "curio", "matplotlib (!=3.2.0)", "numpy (>=1.22)", "pandas", "trio"]
black = ["black"]
doc = ["ipykernel", "setuptools (>=18.5)", "sphinx (>=1.3)", "sphinx-rtd-theme", "docrepr", "matplotlib", "stack-data", "pytest (<7)", "typing-extensions", "exceptiongroup", "pytest (<7.1)", "pytest-asyncio (<0.22)", "testpath", "pickleshare"]
kernel = ["ipykernel"]
nbconvert = ["nbconvert"]
nbformat = ["nbformat"]
notebook = ["ipywidgets", "notebook"]
parallel = ["ipyparallel"]
qtconsole = ["qtconsole"]
test = ["pytest (<7.1)", "pytest-asyncio (<0.22)", "testpath", "pickleshare"]
test_extra = ["pytest (<7.1)", "pytest-asyncio (<0.22)", "testpath", "pickleshare", "curio", "matplotlib (!=3.2.0)", "nbformat", "numpy (>=1.22)", "pandas", "trio"]

[[package]]
name = "jedi"
version = "0.19.1"
description = "An autocompletion tool for Python that can be used for text editors."
category = "main"
optional = false
python-versions = ">=3.6"

[package.dependencies]
parso = ">=0.8.3,<0.9.0"

[package.extras]
docs = ["Jinja2 (==2.11.3)", "MarkupSafe (==1.1.1)", "Pygments (==2.8.1)", "alabaster (==0.7.12)", "babel (==2.9.1)", "chardet (==4.0.0)", "commonmark (==0.8.1)", "docutils (==0.17.1)", "future (==0.18.2)", "idna (==2.10)", "imagesize (==1.2.0)", "mock (==1.0.1)", "packaging (==20.9)", "pyparsing (==2.4.7)", "pytz (==2021.1)", "readthedocs-sphinx-ext (==2.1.4)", "recommonmark (==0.5.0)", "requests (==2.25.1)", "six (==1.15.0)", "snowballstemmer (==2.1.0)", "sphinx-rtd-theme (==0.4.3)", "sphinx (==1.8.5)", "sphinxcontrib-serializinghtml (==1.1.4)", "sphinxcontrib-websupport (==1.2.4)", "urllib3 (==1.26.4)"]
qa = ["flake8 (==5.0.4)", "mypy (==0.971)", "types-setuptools (==67.2.0.1)"]
testing = ["django", "attrs", "colorama", "docopt", "pytest (<7.0.0)"]

[[package]]
name = "jinja2"
version = "3.1.2"
description = "A very fast and expressive template engine."
category = "main"
optional = false
python-versions = ">=3.7"

[package.dependencies]
MarkupSafe = ">=2.0"

[package.extras]
i18n = ["Babel (>=2.7)"]

[[package]]
name = "jsonschema"
version = "4.20.0"
description = "An implementation of JSON Schema validation for Python"
category = "main"
optional = false
python-versions = ">=3.8"

[package.dependencies]
attrs = ">=22.2.0"
jsonschema-specifications = ">=2023.03.6"
referencing = ">=0.28.4"
rpds-py = ">=0.7.1"

[package.extras]
format = ["fqdn", "idna", "isoduration", "jsonpointer (>1.13)", "rfc3339-validator", "rfc3987", "uri-template", "webcolors (>=1.11)"]
format-nongpl = ["fqdn", "idna", "isoduration", "jsonpointer (>1.13)", "rfc3339-validator", "rfc3986-validator (>0.1.0)", "uri-template", "webcolors (>=1.11)"]

[[package]]
name = "jsonschema-specifications"
version = "2023.11.1"
description = "The JSON Schema meta-schemas and vocabularies, exposed as a Registry"
category = "main"
optional = false
python-versions = ">=3.8"

[package.dependencies]
referencing = ">=0.31.0"

[[package]]
name = "jupyter-client"
version = "8.6.0"
description = "Jupyter protocol implementation and client libraries"
category = "main"
optional = false
python-versions = ">=3.8"

[package.dependencies]
jupyter-core = ">=4.12,<5.0.0 || >=5.1.0"
python-dateutil = ">=2.8.2"
pyzmq = ">=23.0"
tornado = ">=6.2"
traitlets = ">=5.3"

[package.extras]
docs = ["ipykernel", "myst-parser", "pydata-sphinx-theme", "sphinx-autodoc-typehints", "sphinx (>=4)", "sphinxcontrib-github-alt", "sphinxcontrib-spelling"]
test = ["coverage", "ipykernel (>=6.14)", "mypy", "paramiko", "pre-commit", "pytest", "pytest-cov", "pytest-jupyter[client] (>=0.4.1)", "pytest-timeout"]

[[package]]
name = "jupyter-core"
version = "5.5.0"
description = "Jupyter core package. A base package on which Jupyter projects rely."
category = "main"
optional = false
python-versions = ">=3.8"

[package.dependencies]
platformdirs = ">=2.5"
pywin32 = {version = ">=300", markers = "sys_platform == \"win32\" and platform_python_implementation != \"PyPy\""}
traitlets = ">=5.3"

[package.extras]
docs = ["myst-parser", "pydata-sphinx-theme", "sphinx-autodoc-typehints", "sphinxcontrib-github-alt", "sphinxcontrib-spelling", "traitlets"]
test = ["ipykernel", "pre-commit", "pytest", "pytest-cov", "pytest-timeout"]

[[package]]
name = "jupytext"
version = "1.15.2"
description = "Jupyter notebooks as Markdown documents, Julia, Python or R scripts"
category = "main"
optional = false
python-versions = "~=3.6"

[package.dependencies]
markdown-it-py = ">=1.0.0"
mdit-py-plugins = "*"
nbformat = "*"
pyyaml = "*"
toml = "*"

[package.extras]
rst2md = ["sphinx-gallery (>=0.7.0,<0.8.0)"]
toml = ["toml"]

[[package]]
name = "langcodes"
version = "3.3.0"
description = "Tools for labeling human languages with IETF language tags"
category = "main"
optional = false
python-versions = ">=3.6"

[package.extras]
data = ["language-data (>=1.1,<2.0)"]

[[package]]
name = "markdown-it-py"
version = "3.0.0"
description = "Python port of markdown-it. Markdown parsing, done right!"
category = "main"
optional = false
python-versions = ">=3.8"

[package.dependencies]
mdurl = ">=0.1,<1.0"

[package.extras]
benchmarking = ["psutil", "pytest", "pytest-benchmark"]
code_style = ["pre-commit (>=3.0,<4.0)"]
compare = ["commonmark (>=0.9,<1.0)", "markdown (>=3.4,<4.0)", "mistletoe (>=1.0,<2.0)", "mistune (>=2.0,<3.0)", "panflute (>=2.3,<3.0)"]
linkify = ["linkify-it-py (>=1,<3)"]
plugins = ["mdit-py-plugins"]
profiling = ["gprof2dot"]
rtd = ["mdit-py-plugins", "myst-parser", "pyyaml", "sphinx", "sphinx-copybutton", "sphinx-design", "sphinx-book-theme", "jupyter-sphinx"]
testing = ["coverage", "pytest", "pytest-cov", "pytest-regressions"]

[[package]]
name = "markupsafe"
version = "2.1.3"
description = "Safely add untrusted strings to HTML/XML markup."
category = "main"
optional = false
python-versions = ">=3.7"

[[package]]
name = "matplotlib-inline"
version = "0.1.6"
description = "Inline Matplotlib backend for Jupyter"
category = "main"
optional = false
python-versions = ">=3.5"

[package.dependencies]
traitlets = "*"

[[package]]
name = "mccabe"
version = "0.7.0"
description = "McCabe checker, plugin for flake8"
category = "main"
optional = false
python-versions = ">=3.6"

[[package]]
name = "mdit-py-plugins"
version = "0.4.0"
description = "Collection of plugins for markdown-it-py"
category = "main"
optional = false
python-versions = ">=3.8"

[package.dependencies]
markdown-it-py = ">=1.0.0,<4.0.0"

[package.extras]
code_style = ["pre-commit"]
rtd = ["myst-parser", "sphinx-book-theme"]
testing = ["coverage", "pytest", "pytest-cov", "pytest-regressions"]

[[package]]
name = "mdurl"
version = "0.1.2"
description = "Markdown URL utilities"
category = "main"
optional = false
python-versions = ">=3.7"

[[package]]
name = "mpmath"
version = "1.3.0"
description = "Python library for arbitrary-precision floating-point arithmetic"
category = "main"
optional = false
python-versions = "*"

[package.extras]
develop = ["pytest (>=4.6)", "pycodestyle", "pytest-cov", "codecov", "wheel"]
docs = ["sphinx"]
gmpy = ["gmpy2 (>=2.1.0a4)"]
tests = ["pytest (>=4.6)"]

[[package]]
name = "murmurhash"
version = "1.0.10"
description = "Cython bindings for MurmurHash"
category = "main"
optional = false
python-versions = ">=3.6"

[[package]]
name = "mypy-extensions"
version = "1.0.0"
description = "Type system extensions for programs checked with the mypy type checker."
category = "main"
optional = false
python-versions = ">=3.5"

[[package]]
name = "nbformat"
version = "5.9.2"
description = "The Jupyter Notebook format"
category = "main"
optional = false
python-versions = ">=3.8"

[package.dependencies]
fastjsonschema = "*"
jsonschema = ">=2.6"
jupyter-core = "*"
traitlets = ">=5.1"

[package.extras]
docs = ["myst-parser", "pydata-sphinx-theme", "sphinx", "sphinxcontrib-github-alt", "sphinxcontrib-spelling"]
test = ["pep440", "pre-commit", "pytest", "testpath"]

[[package]]
name = "nest-asyncio"
version = "1.5.8"
description = "Patch asyncio to allow nested event loops"
category = "main"
optional = false
python-versions = ">=3.5"

[[package]]
name = "networkx"
version = "3.2.1"
description = "Python package for creating and manipulating graphs and networks"
category = "main"
optional = false
python-versions = ">=3.9"

[package.extras]
default = ["numpy (>=1.22)", "scipy (>=1.9,!=1.11.0,!=1.11.1)", "matplotlib (>=3.5)", "pandas (>=1.4)"]
developer = ["changelist (==0.4)", "pre-commit (>=3.2)", "mypy (>=1.1)", "rtoml"]
doc = ["sphinx (>=7)", "pydata-sphinx-theme (>=0.14)", "sphinx-gallery (>=0.14)", "numpydoc (>=1.6)", "pillow (>=9.4)", "nb2plots (>=0.7)", "texext (>=0.6.7)", "nbconvert (<7.9)"]
extra = ["lxml (>=4.6)", "pygraphviz (>=1.11)", "pydot (>=1.4.2)", "sympy (>=1.10)"]
test = ["pytest (>=7.2)", "pytest-cov (>=4.0)"]

[[package]]
name = "numpy"
version = "1.26.2"
description = "Fundamental package for array computing in Python"
category = "main"
optional = false
python-versions = ">=3.9"

[[package]]
name = "nvidia-cublas-cu12"
version = "12.1.3.1"
description = "CUBLAS native runtime libraries"
category = "main"
optional = false
python-versions = ">=3"

[[package]]
name = "nvidia-cuda-cupti-cu12"
version = "12.1.105"
description = "CUDA profiling tools runtime libs."
category = "main"
optional = false
python-versions = ">=3"

[[package]]
name = "nvidia-cuda-nvrtc-cu12"
version = "12.1.105"
description = "NVRTC native runtime libraries"
category = "main"
optional = false
python-versions = ">=3"

[[package]]
name = "nvidia-cuda-runtime-cu12"
version = "12.1.105"
description = "CUDA Runtime native Libraries"
category = "main"
optional = false
python-versions = ">=3"

[[package]]
name = "nvidia-cudnn-cu12"
version = "8.9.2.26"
description = "cuDNN runtime libraries"
category = "main"
optional = false
python-versions = ">=3"

[package.dependencies]
nvidia-cublas-cu12 = "*"

[[package]]
name = "nvidia-cufft-cu12"
version = "11.0.2.54"
description = "CUFFT native runtime libraries"
category = "main"
optional = false
python-versions = ">=3"

[[package]]
name = "nvidia-curand-cu12"
version = "10.3.2.106"
description = "CURAND native runtime libraries"
category = "main"
optional = false
python-versions = ">=3"

[[package]]
name = "nvidia-cusolver-cu12"
version = "11.4.5.107"
description = "CUDA solver native runtime libraries"
category = "main"
optional = false
python-versions = ">=3"

[package.dependencies]
nvidia-cublas-cu12 = "*"
nvidia-cusparse-cu12 = "*"
nvidia-nvjitlink-cu12 = "*"

[[package]]
name = "nvidia-cusparse-cu12"
version = "12.1.0.106"
description = "CUSPARSE native runtime libraries"
category = "main"
optional = false
python-versions = ">=3"

[package.dependencies]
nvidia-nvjitlink-cu12 = "*"

[[package]]
name = "nvidia-nccl-cu12"
version = "2.18.1"
description = "NVIDIA Collective Communication Library (NCCL) Runtime"
category = "main"
optional = false
python-versions = ">=3"

[[package]]
name = "nvidia-nvjitlink-cu12"
version = "12.3.101"
description = "Nvidia JIT LTO Library"
category = "main"
optional = false
python-versions = ">=3"

[[package]]
name = "nvidia-nvtx-cu12"
version = "12.1.105"
description = "NVIDIA Tools Extension"
category = "main"
optional = false
python-versions = ">=3"

[[package]]
name = "packaging"
version = "23.2"
description = "Core utilities for Python packages"
category = "main"
optional = false
python-versions = ">=3.7"

[[package]]
name = "pandas"
version = "2.1.3"
description = "Powerful data structures for data analysis, time series, and statistics"
category = "main"
optional = false
python-versions = ">=3.9"

[package.dependencies]
numpy = [
    {version = ">=1.23.2,<2", markers = "python_version == \"3.11\""},
    {version = ">=1.26.0,<2", markers = "python_version >= \"3.12\""},
]
python-dateutil = ">=2.8.2"
pytz = ">=2020.1"
tzdata = ">=2022.1"

[package.extras]
test = ["hypothesis (>=6.46.1)", "pytest (>=7.3.2)", "pytest-xdist (>=2.2.0)"]
performance = ["bottleneck (>=1.3.4)", "numba (>=0.55.2)", "numexpr (>=2.8.0)"]
computation = ["scipy (>=1.8.1)", "xarray (>=2022.03.0)"]
fss = ["fsspec (>=2022.05.0)"]
aws = ["s3fs (>=2022.05.0)"]
gcp = ["gcsfs (>=2022.05.0)", "pandas-gbq (>=0.17.5)"]
excel = ["odfpy (>=1.4.1)", "openpyxl (>=3.0.10)", "pyxlsb (>=1.0.9)", "xlrd (>=2.0.1)", "xlsxwriter (>=3.0.3)"]
parquet = ["pyarrow (>=7.0.0)"]
feather = ["pyarrow (>=7.0.0)"]
hdf5 = ["tables (>=3.7.0)"]
spss = ["pyreadstat (>=1.1.5)"]
postgresql = ["SQLAlchemy (>=1.4.36)", "psycopg2 (>=2.9.3)"]
mysql = ["SQLAlchemy (>=1.4.36)", "pymysql (>=1.0.2)"]
sql-other = ["SQLAlchemy (>=1.4.36)"]
html = ["beautifulsoup4 (>=4.11.1)", "html5lib (>=1.1)", "lxml (>=4.8.0)"]
xml = ["lxml (>=4.8.0)"]
plot = ["matplotlib (>=3.6.1)"]
output-formatting = ["jinja2 (>=3.1.2)", "tabulate (>=0.8.10)"]
clipboard = ["PyQt5 (>=5.15.6)", "qtpy (>=2.2.0)"]
compression = ["zstandard (>=0.17.0)"]
consortium-standard = ["dataframe-api-compat (>=0.1.7)"]
all = ["beautifulsoup4 (>=4.11.1)", "bottleneck (>=1.3.4)", "dataframe-api-compat (>=0.1.7)", "fastparquet (>=0.8.1)", "fsspec (>=2022.05.0)", "gcsfs (>=2022.05.0)", "html5lib (>=1.1)", "hypothesis (>=6.46.1)", "jinja2 (>=3.1.2)", "lxml (>=4.8.0)", "matplotlib (>=3.6.1)", "numba (>=0.55.2)", "numexpr (>=2.8.0)", "odfpy (>=1.4.1)", "openpyxl (>=3.0.10)", "pandas-gbq (>=0.17.5)", "psycopg2 (>=2.9.3)", "pyarrow (>=7.0.0)", "pymysql (>=1.0.2)", "PyQt5 (>=5.15.6)", "pyreadstat (>=1.1.5)", "pytest (>=7.3.2)", "pytest-xdist (>=2.2.0)", "pyxlsb (>=1.0.9)", "qtpy (>=2.2.0)", "scipy (>=1.8.1)", "s3fs (>=2022.05.0)", "SQLAlchemy (>=1.4.36)", "tables (>=3.7.0)", "tabulate (>=0.8.10)", "xarray (>=2022.03.0)", "xlrd (>=2.0.1)", "xlsxwriter (>=3.0.3)", "zstandard (>=0.17.0)"]

[[package]]
name = "parso"
version = "0.8.3"
description = "A Python Parser"
category = "main"
optional = false
python-versions = ">=3.6"

[package.extras]
qa = ["flake8 (==3.8.3)", "mypy (==0.782)"]
testing = ["docopt", "pytest (<6.0.0)"]

[[package]]
name = "pathspec"
version = "0.11.2"
description = "Utility library for gitignore style pattern matching of file paths."
category = "main"
optional = false
python-versions = ">=3.7"

[[package]]
name = "pexpect"
version = "4.8.0"
description = "Pexpect allows easy control of interactive console applications."
category = "main"
optional = false
python-versions = "*"

[package.dependencies]
ptyprocess = ">=0.5"

[[package]]
name = "platformdirs"
version = "4.0.0"
description = "A small Python package for determining appropriate platform-specific dirs, e.g. a \"user data dir\"."
category = "main"
optional = false
python-versions = ">=3.7"

[package.extras]
docs = ["furo (>=2023.7.26)", "proselint (>=0.13)", "sphinx-autodoc-typehints (>=1.24)", "sphinx (>=7.1.1)"]
test = ["appdirs (==1.4.4)", "covdefaults (>=2.3)", "pytest-cov (>=4.1)", "pytest-mock (>=3.11.1)", "pytest (>=7.4)"]

[[package]]
name = "portalocker"
version = "2.8.2"
description = "Wraps the portalocker recipe for easy usage"
category = "main"
optional = false
python-versions = ">=3.8"

[package.dependencies]
pywin32 = {version = ">=226", markers = "platform_system == \"Windows\""}

[package.extras]
docs = ["sphinx (>=1.7.1)"]
redis = ["redis"]
tests = ["pytest (>=5.4.1)", "pytest-cov (>=2.8.1)", "pytest-timeout (>=2.1.0)", "sphinx (>=6.0.0)", "pytest-mypy (>=0.8.0)", "types-redis", "redis"]

[[package]]
name = "preshed"
version = "3.0.9"
description = "Cython hash table that trusts the keys are pre-hashed"
category = "main"
optional = false
python-versions = ">=3.6"

[package.dependencies]
cymem = ">=2.0.2,<2.1.0"
murmurhash = ">=0.28.0,<1.1.0"

[[package]]
name = "prompt-toolkit"
version = "3.0.41"
description = "Library for building powerful interactive command lines in Python"
category = "main"
optional = false
python-versions = ">=3.7.0"

[package.dependencies]
wcwidth = "*"

[[package]]
name = "protobuf"
version = "4.25.1"
description = ""
category = "main"
optional = false
python-versions = ">=3.8"

[[package]]
name = "psutil"
version = "5.9.6"
description = "Cross-platform lib for process and system monitoring in Python."
category = "main"
optional = false
python-versions = ">=2.7, !=3.0.*, !=3.1.*, !=3.2.*, !=3.3.*, !=3.4.*, !=3.5.*"

[package.extras]
test = ["enum34", "ipaddress", "mock", "pywin32", "wmi"]

[[package]]
name = "ptyprocess"
version = "0.7.0"
description = "Run a subprocess in a pseudo terminal"
category = "main"
optional = false
python-versions = "*"

[[package]]
name = "pure-eval"
version = "0.2.2"
description = "Safely evaluate AST nodes without side effects"
category = "main"
optional = false
python-versions = "*"

[package.extras]
tests = ["pytest"]

[[package]]
name = "pycodestyle"
version = "2.11.1"
description = "Python style guide checker"
category = "main"
optional = false
python-versions = ">=3.8"

[[package]]
name = "pycparser"
version = "2.21"
description = "C parser in Python"
category = "main"
optional = false
python-versions = ">=2.7, !=3.0.*, !=3.1.*, !=3.2.*, !=3.3.*"

[[package]]
name = "pydantic"
version = "2.5.2"
description = "Data validation using Python type hints"
category = "main"
optional = false
python-versions = ">=3.7"

[package.dependencies]
annotated-types = ">=0.4.0"
pydantic-core = "2.14.5"
typing-extensions = ">=4.6.1"

[package.extras]
email = ["email-validator (>=2.0.0)"]

[[package]]
name = "pydantic-core"
version = "2.14.5"
description = ""
category = "main"
optional = false
python-versions = ">=3.7"

[package.dependencies]
typing-extensions = ">=4.6.0,<4.7.0 || >4.7.0"

[[package]]
name = "pyflakes"
version = "3.1.0"
description = "passive checker of Python programs"
category = "main"
optional = false
python-versions = ">=3.8"

[[package]]
name = "pygments"
version = "2.17.2"
description = "Pygments is a syntax highlighting package written in Python."
category = "main"
optional = false
python-versions = ">=3.7"

[package.extras]
plugins = ["importlib-metadata"]
windows-terminal = ["colorama (>=0.4.6)"]

[[package]]
name = "python-dateutil"
version = "2.8.2"
description = "Extensions to the standard Python datetime module"
category = "main"
optional = false
python-versions = "!=3.0.*,!=3.1.*,!=3.2.*,>=2.7"

[package.dependencies]
six = ">=1.5"

[[package]]
name = "pytz"
version = "2023.3.post1"
description = "World timezone definitions, modern and historical"
category = "main"
optional = false
python-versions = "*"

[[package]]
name = "pywin32"
version = "306"
description = "Python for Window Extensions"
category = "main"
optional = false
python-versions = "*"

[[package]]
name = "pyyaml"
version = "6.0.1"
description = "YAML parser and emitter for Python"
category = "main"
optional = false
python-versions = ">=3.6"

[[package]]
name = "pyzmq"
version = "25.1.1"
description = "Python bindings for 0MQ"
category = "main"
optional = false
python-versions = ">=3.6"

[package.dependencies]
cffi = {version = "*", markers = "implementation_name == \"pypy\""}

[[package]]
name = "referencing"
version = "0.31.0"
description = "JSON Referencing + Python"
category = "main"
optional = false
python-versions = ">=3.8"

[package.dependencies]
attrs = ">=22.2.0"
rpds-py = ">=0.7.0"

[[package]]
name = "requests"
version = "2.31.0"
description = "Python HTTP for Humans."
category = "main"
optional = false
python-versions = ">=3.7"

[package.dependencies]
certifi = ">=2017.4.17"
charset-normalizer = ">=2,<4"
idna = ">=2.5,<4"
urllib3 = ">=1.21.1,<3"

[package.extras]
socks = ["PySocks (>=1.5.6,!=1.5.7)"]
use_chardet_on_py3 = ["chardet (>=3.0.2,<6)"]

[[package]]
name = "rpds-py"
version = "0.13.1"
description = "Python bindings to Rust's persistent data structures (rpds)"
category = "main"
optional = false
python-versions = ">=3.8"

[[package]]
name = "sentry-sdk"
version = "1.36.0"
description = "Python client for Sentry (https://sentry.io)"
category = "main"
optional = false
python-versions = "*"

[package.dependencies]
certifi = "*"
urllib3 = {version = ">=1.26.11", markers = "python_version >= \"3.6\""}

[package.extras]
aiohttp = ["aiohttp (>=3.5)"]
arq = ["arq (>=0.23)"]
asyncpg = ["asyncpg (>=0.23)"]
beam = ["apache-beam (>=2.12)"]
bottle = ["bottle (>=0.12.13)"]
celery = ["celery (>=3)"]
chalice = ["chalice (>=1.16.0)"]
clickhouse-driver = ["clickhouse-driver (>=0.2.0)"]
django = ["django (>=1.8)"]
falcon = ["falcon (>=1.4)"]
fastapi = ["fastapi (>=0.79.0)"]
flask = ["flask (>=0.11)", "blinker (>=1.1)", "markupsafe"]
grpcio = ["grpcio (>=1.21.1)"]
httpx = ["httpx (>=0.16.0)"]
huey = ["huey (>=2)"]
loguru = ["loguru (>=0.5)"]
opentelemetry = ["opentelemetry-distro (>=0.35b0)"]
opentelemetry-experimental = ["opentelemetry-distro (>=0.40b0,<1.0.0)", "opentelemetry-instrumentation-aiohttp-client (>=0.40b0,<1.0.0)", "opentelemetry-instrumentation-django (>=0.40b0,<1.0.0)", "opentelemetry-instrumentation-fastapi (>=0.40b0,<1.0.0)", "opentelemetry-instrumentation-flask (>=0.40b0,<1.0.0)", "opentelemetry-instrumentation-requests (>=0.40b0,<1.0.0)", "opentelemetry-instrumentation-sqlite3 (>=0.40b0,<1.0.0)", "opentelemetry-instrumentation-urllib (>=0.40b0,<1.0.0)"]
pure_eval = ["pure-eval", "executing", "asttokens"]
pymongo = ["pymongo (>=3.1)"]
pyspark = ["pyspark (>=2.4.4)"]
quart = ["quart (>=0.16.1)", "blinker (>=1.1)"]
rq = ["rq (>=0.6)"]
sanic = ["sanic (>=0.8)"]
sqlalchemy = ["sqlalchemy (>=1.2)"]
starlette = ["starlette (>=0.19.1)"]
starlite = ["starlite (>=1.48)"]
tornado = ["tornado (>=5)"]

[[package]]
name = "setproctitle"
version = "1.3.3"
description = "A Python module to customize the process title"
category = "main"
optional = false
python-versions = ">=3.7"

[package.extras]
test = ["pytest"]

[[package]]
name = "six"
version = "1.16.0"
description = "Python 2 and 3 compatibility utilities"
category = "main"
optional = false
python-versions = ">=2.7, !=3.0.*, !=3.1.*, !=3.2.*"

[[package]]
name = "smart-open"
version = "6.4.0"
description = "Utils for streaming large files (S3, HDFS, GCS, Azure Blob Storage, gzip, bz2...)"
category = "main"
optional = false
python-versions = ">=3.6,<4.0"

[package.extras]
all = ["boto3", "google-cloud-storage (>=2.6.0)", "azure-storage-blob", "azure-common", "azure-core", "requests", "paramiko"]
azure = ["azure-storage-blob", "azure-common", "azure-core"]
gcs = ["google-cloud-storage (>=2.6.0)"]
http = ["requests"]
s3 = ["boto3"]
ssh = ["paramiko"]
test = ["boto3", "google-cloud-storage (>=2.6.0)", "azure-storage-blob", "azure-common", "azure-core", "requests", "paramiko", "moto", "responses", "pytest", "pytest-rerunfailures"]
webhdfs = ["requests"]

[[package]]
name = "smmap"
version = "5.0.1"
description = "A pure Python implementation of a sliding window memory map manager"
category = "main"
optional = false
python-versions = ">=3.7"

[[package]]
name = "spacy"
version = "3.7.2"
description = "Industrial-strength Natural Language Processing (NLP) in Python"
category = "main"
optional = false
python-versions = ">=3.7"

[package.dependencies]
catalogue = ">=2.0.6,<2.1.0"
cymem = ">=2.0.2,<2.1.0"
jinja2 = "*"
langcodes = ">=3.2.0,<4.0.0"
murmurhash = ">=0.28.0,<1.1.0"
numpy = {version = ">=1.19.0", markers = "python_version >= \"3.9\""}
packaging = ">=20.0"
preshed = ">=3.0.2,<3.1.0"
pydantic = ">=1.7.4,<1.8 || >1.8,<1.8.1 || >1.8.1,<3.0.0"
requests = ">=2.13.0,<3.0.0"
smart-open = ">=5.2.1,<7.0.0"
spacy-legacy = ">=3.0.11,<3.1.0"
spacy-loggers = ">=1.0.0,<2.0.0"
srsly = ">=2.4.3,<3.0.0"
thinc = ">=8.1.8,<8.3.0"
tqdm = ">=4.38.0,<5.0.0"
typer = ">=0.3.0,<0.10.0"
wasabi = ">=0.9.1,<1.2.0"
weasel = ">=0.1.0,<0.4.0"

[package.extras]
apple = ["thinc-apple-ops (>=0.1.0.dev0,<1.0.0)"]
cuda = ["cupy (>=5.0.0b4,<13.0.0)"]
cuda-autodetect = ["cupy-wheel (>=11.0.0,<13.0.0)"]
cuda100 = ["cupy-cuda100 (>=5.0.0b4,<13.0.0)"]
cuda101 = ["cupy-cuda101 (>=5.0.0b4,<13.0.0)"]
cuda102 = ["cupy-cuda102 (>=5.0.0b4,<13.0.0)"]
cuda110 = ["cupy-cuda110 (>=5.0.0b4,<13.0.0)"]
cuda111 = ["cupy-cuda111 (>=5.0.0b4,<13.0.0)"]
cuda112 = ["cupy-cuda112 (>=5.0.0b4,<13.0.0)"]
cuda113 = ["cupy-cuda113 (>=5.0.0b4,<13.0.0)"]
cuda114 = ["cupy-cuda114 (>=5.0.0b4,<13.0.0)"]
cuda115 = ["cupy-cuda115 (>=5.0.0b4,<13.0.0)"]
cuda116 = ["cupy-cuda116 (>=5.0.0b4,<13.0.0)"]
cuda117 = ["cupy-cuda117 (>=5.0.0b4,<13.0.0)"]
cuda11x = ["cupy-cuda11x (>=11.0.0,<13.0.0)"]
cuda12x = ["cupy-cuda12x (>=11.5.0,<13.0.0)"]
cuda80 = ["cupy-cuda80 (>=5.0.0b4,<13.0.0)"]
cuda90 = ["cupy-cuda90 (>=5.0.0b4,<13.0.0)"]
cuda91 = ["cupy-cuda91 (>=5.0.0b4,<13.0.0)"]
cuda92 = ["cupy-cuda92 (>=5.0.0b4,<13.0.0)"]
ja = ["sudachipy (>=0.5.2,!=0.6.1)", "sudachidict-core (>=20211220)"]
ko = ["natto-py (>=0.9.0)"]
lookups = ["spacy-lookups-data (>=1.0.3,<1.1.0)"]
th = ["pythainlp (>=2.0)"]
transformers = ["spacy-transformers (>=1.1.2,<1.4.0)"]

[[package]]
name = "spacy-legacy"
version = "3.0.12"
description = "Legacy registered functions for spaCy backwards compatibility"
category = "main"
optional = false
python-versions = ">=3.6"

[[package]]
name = "spacy-loggers"
version = "1.0.5"
description = "Logging utilities for SpaCy"
category = "main"
optional = false
python-versions = ">=3.6"

[[package]]
name = "srsly"
version = "2.4.8"
description = "Modern high-performance serialization utilities for Python"
category = "main"
optional = false
python-versions = ">=3.6"

[package.dependencies]
catalogue = ">=2.0.3,<2.1.0"

[[package]]
name = "stack-data"
version = "0.6.3"
description = "Extract data from python stack frames and tracebacks for informative displays"
category = "main"
optional = false
python-versions = "*"

[package.dependencies]
asttokens = ">=2.1.0"
executing = ">=1.2.0"
pure-eval = "*"

[package.extras]
tests = ["pytest", "typeguard", "pygments", "littleutils", "cython"]

[[package]]
name = "sympy"
version = "1.12"
description = "Computer algebra system (CAS) in Python"
category = "main"
optional = false
python-versions = ">=3.8"

[package.dependencies]
mpmath = ">=0.19"

[[package]]
name = "thinc"
version = "8.2.1"
description = "A refreshing functional take on deep learning, compatible with your favorite libraries"
category = "main"
optional = false
python-versions = ">=3.6"

[package.dependencies]
blis = ">=0.7.8,<0.8.0"
catalogue = ">=2.0.4,<2.1.0"
confection = ">=0.0.1,<1.0.0"
cymem = ">=2.0.2,<2.1.0"
murmurhash = ">=1.0.2,<1.1.0"
numpy = {version = ">=1.19.0", markers = "python_version >= \"3.9\""}
packaging = ">=20.0"
preshed = ">=3.0.2,<3.1.0"
pydantic = ">=1.7.4,<1.8 || >1.8,<1.8.1 || >1.8.1,<3.0.0"
srsly = ">=2.4.0,<3.0.0"
wasabi = ">=0.8.1,<1.2.0"

[package.extras]
cuda = ["cupy (>=5.0.0b4)"]
cuda-autodetect = ["cupy-wheel (>=11.0.0)"]
cuda100 = ["cupy-cuda100 (>=5.0.0b4)"]
cuda101 = ["cupy-cuda101 (>=5.0.0b4)"]
cuda102 = ["cupy-cuda102 (>=5.0.0b4)"]
cuda110 = ["cupy-cuda110 (>=5.0.0b4)"]
cuda111 = ["cupy-cuda111 (>=5.0.0b4)"]
cuda112 = ["cupy-cuda112 (>=5.0.0b4)"]
cuda113 = ["cupy-cuda113 (>=5.0.0b4)"]
cuda114 = ["cupy-cuda114 (>=5.0.0b4)"]
cuda115 = ["cupy-cuda115 (>=5.0.0b4)"]
cuda116 = ["cupy-cuda116 (>=5.0.0b4)"]
cuda117 = ["cupy-cuda117 (>=5.0.0b4)"]
cuda11x = ["cupy-cuda11x (>=11.0.0)"]
cuda80 = ["cupy-cuda80 (>=5.0.0b4)"]
cuda90 = ["cupy-cuda90 (>=5.0.0b4)"]
cuda91 = ["cupy-cuda91 (>=5.0.0b4)"]
cuda92 = ["cupy-cuda92 (>=5.0.0b4)"]
datasets = ["ml-datasets (>=0.2.0,<0.3.0)"]
mxnet = ["mxnet (>=1.5.1,<1.6.0)"]
tensorflow = ["tensorflow (>=2.0.0,<2.6.0)"]
torch = ["torch (>=1.6.0)"]

[[package]]
name = "toml"
version = "0.10.2"
description = "Python Library for Tom's Obvious, Minimal Language"
category = "main"
optional = false
python-versions = ">=2.6, !=3.0.*, !=3.1.*, !=3.2.*"

[[package]]
name = "toolz"
version = "0.12.0"
description = "List processing tools and functional utilities"
category = "main"
optional = false
python-versions = ">=3.5"

[[package]]
name = "torch"
version = "2.1.1"
description = "Tensors and Dynamic neural networks in Python with strong GPU acceleration"
category = "main"
optional = false
python-versions = ">=3.8.0"

[package.dependencies]
filelock = "*"
fsspec = "*"
jinja2 = "*"
networkx = "*"
nvidia-cublas-cu12 = {version = "12.1.3.1", markers = "platform_system == \"Linux\" and platform_machine == \"x86_64\""}
nvidia-cuda-cupti-cu12 = {version = "12.1.105", markers = "platform_system == \"Linux\" and platform_machine == \"x86_64\""}
nvidia-cuda-nvrtc-cu12 = {version = "12.1.105", markers = "platform_system == \"Linux\" and platform_machine == \"x86_64\""}
nvidia-cuda-runtime-cu12 = {version = "12.1.105", markers = "platform_system == \"Linux\" and platform_machine == \"x86_64\""}
nvidia-cudnn-cu12 = {version = "8.9.2.26", markers = "platform_system == \"Linux\" and platform_machine == \"x86_64\""}
nvidia-cufft-cu12 = {version = "11.0.2.54", markers = "platform_system == \"Linux\" and platform_machine == \"x86_64\""}
nvidia-curand-cu12 = {version = "10.3.2.106", markers = "platform_system == \"Linux\" and platform_machine == \"x86_64\""}
nvidia-cusolver-cu12 = {version = "11.4.5.107", markers = "platform_system == \"Linux\" and platform_machine == \"x86_64\""}
nvidia-cusparse-cu12 = {version = "12.1.0.106", markers = "platform_system == \"Linux\" and platform_machine == \"x86_64\""}
nvidia-nccl-cu12 = {version = "2.18.1", markers = "platform_system == \"Linux\" and platform_machine == \"x86_64\""}
nvidia-nvtx-cu12 = {version = "12.1.105", markers = "platform_system == \"Linux\" and platform_machine == \"x86_64\""}
sympy = "*"
triton = {version = "2.1.0", markers = "platform_system == \"Linux\" and platform_machine == \"x86_64\""}
typing-extensions = "*"

[package.extras]
dynamo = ["jinja2"]
opt-einsum = ["opt-einsum (>=3.3)"]

[[package]]
name = "torchdata"
version = "0.7.1"
description = "Composable data loading modules for PyTorch"
category = "main"
optional = false
python-versions = ">=3.8"

[package.dependencies]
requests = "*"
torch = ">=2"
urllib3 = ">=1.25"

[[package]]
name = "torchtext"
version = "0.16.1"
description = "Text utilities, models, transforms, and datasets for PyTorch."
category = "main"
optional = false
python-versions = ">=3.8"

[package.dependencies]
numpy = "*"
requests = "*"
torch = "2.1.1"
torchdata = "0.7.1"
tqdm = "*"

[[package]]
name = "tornado"
version = "6.3.3"
description = "Tornado is a Python web framework and asynchronous networking library, originally developed at FriendFeed."
category = "main"
optional = false
python-versions = ">= 3.8"

[[package]]
name = "tqdm"
version = "4.66.1"
description = "Fast, Extensible Progress Meter"
category = "main"
optional = false
python-versions = ">=3.7"

[package.dependencies]
colorama = {version = "*", markers = "platform_system == \"Windows\""}

[package.extras]
dev = ["pytest (>=6)", "pytest-cov", "pytest-timeout", "pytest-xdist"]
notebook = ["ipywidgets (>=6)"]
slack = ["slack-sdk"]
telegram = ["requests"]

[[package]]
name = "traitlets"
version = "5.13.0"
description = "Traitlets Python configuration system"
category = "main"
optional = false
python-versions = ">=3.8"

[package.extras]
docs = ["myst-parser", "pydata-sphinx-theme", "sphinx"]
test = ["argcomplete (>=3.0.3)", "mypy (>=1.6.0)", "pre-commit", "pytest-mock", "pytest-mypy-testing", "pytest (>=7.0,<7.5)"]

[[package]]
name = "triton"
version = "2.1.0"
description = "A language and compiler for custom Deep Learning operations"
category = "main"
optional = false
python-versions = "*"

[package.dependencies]
filelock = "*"

[package.extras]
build = ["cmake (>=3.18)", "lit"]
tests = ["autopep8", "flake8", "isort", "numpy", "pytest", "scipy (>=1.7.1)"]
tutorials = ["matplotlib", "pandas", "tabulate"]

[[package]]
name = "typer"
version = "0.9.0"
description = "Typer, build great CLIs. Easy to code. Based on Python type hints."
category = "main"
optional = false
python-versions = ">=3.6"

[package.dependencies]
click = ">=7.1.1,<9.0.0"
typing-extensions = ">=3.7.4.3"

[package.extras]
all = ["colorama (>=0.4.3,<0.5.0)", "shellingham (>=1.3.0,<2.0.0)", "rich (>=10.11.0,<14.0.0)"]
dev = ["autoflake (>=1.3.1,<2.0.0)", "flake8 (>=3.8.3,<4.0.0)", "pre-commit (>=2.17.0,<3.0.0)"]
doc = ["mkdocs (>=1.1.2,<2.0.0)", "mkdocs-material (>=8.1.4,<9.0.0)", "mdx-include (>=1.4.1,<2.0.0)", "pillow (>=9.3.0,<10.0.0)", "cairosvg (>=2.5.2,<3.0.0)"]
test = ["shellingham (>=1.3.0,<2.0.0)", "pytest (>=4.4.0,<8.0.0)", "pytest-cov (>=2.10.0,<5.0.0)", "coverage (>=6.2,<7.0)", "pytest-xdist (>=1.32.0,<4.0.0)", "pytest-sugar (>=0.9.4,<0.10.0)", "mypy (==0.910)", "black (>=22.3.0,<23.0.0)", "isort (>=5.0.6,<6.0.0)", "rich (>=10.11.0,<14.0.0)"]

[[package]]
name = "typing-extensions"
version = "4.8.0"
description = "Backported and Experimental Type Hints for Python 3.8+"
category = "main"
optional = false
python-versions = ">=3.8"

[[package]]
name = "tzdata"
version = "2023.3"
description = "Provider of IANA time zone data"
category = "main"
optional = false
python-versions = ">=2"

[[package]]
name = "urllib3"
version = "2.1.0"
description = "HTTP library with thread-safe connection pooling, file post, and more."
category = "main"
optional = false
python-versions = ">=3.8"

[package.extras]
brotli = ["brotli (>=1.0.9)", "brotlicffi (>=0.8.0)"]
socks = ["pysocks (>=1.5.6,!=1.5.7,<2.0)"]
zstd = ["zstandard (>=0.18.0)"]

[[package]]
name = "wandb"
version = "0.16.0"
description = "A CLI and library for interacting with the Weights & Biases API."
category = "main"
optional = false
python-versions = ">=3.7"

[package.dependencies]
appdirs = ">=1.4.3"
Click = ">=7.1,<8.0.0 || >8.0.0"
docker-pycreds = ">=0.4.0"
GitPython = ">=1.0.0,<3.1.29 || >3.1.29"
protobuf = {version = ">=3.19.0,<4.21.0 || >4.21.0,<5", markers = "python_version > \"3.9\" and sys_platform == \"linux\" or sys_platform != \"linux\""}
psutil = ">=5.0.0"
PyYAML = "*"
requests = ">=2.0.0,<3"
sentry-sdk = ">=1.0.0"
setproctitle = "*"

[package.extras]
async = ["httpx (>=0.23.0)"]
aws = ["boto3"]
azure = ["azure-identity", "azure-storage-blob"]
gcp = ["google-cloud-storage"]
kubeflow = ["kubernetes", "minio", "google-cloud-storage", "sh"]
launch = ["awscli", "azure-identity", "azure-containerregistry", "azure-storage-blob", "boto3", "botocore", "chardet", "google-auth", "google-cloud-aiplatform", "google-cloud-artifact-registry", "google-cloud-compute", "google-cloud-storage", "iso8601", "kubernetes", "kubernetes-asyncio", "optuna", "nbconvert", "nbformat", "typing-extensions", "PyYAML (>=6.0.0)"]
media = ["numpy", "moviepy", "pillow", "bokeh", "soundfile", "plotly", "rdkit-pypi"]
models = ["cloudpickle"]
nexus = ["wandb-core (>=0.17.0b1)"]
perf = ["orjson"]
sweeps = ["sweeps (>=0.2.0)"]

[[package]]
name = "wasabi"
version = "1.1.2"
description = "A lightweight console printing and formatting toolkit"
category = "main"
optional = false
python-versions = ">=3.6"

[package.dependencies]
colorama = {version = ">=0.4.6", markers = "sys_platform == \"win32\" and python_version >= \"3.7\""}

[[package]]
name = "wcwidth"
version = "0.2.12"
description = "Measures the displayed width of unicode strings in a terminal"
category = "main"
optional = false
python-versions = "*"

[[package]]
name = "weasel"
version = "0.3.4"
description = "Weasel: A small and easy workflow system"
category = "main"
optional = false
python-versions = ">=3.6"

[package.dependencies]
cloudpathlib = ">=0.7.0,<0.17.0"
confection = ">=0.0.4,<0.2.0"
packaging = ">=20.0"
pydantic = ">=1.7.4,<1.8 || >1.8,<1.8.1 || >1.8.1,<3.0.0"
requests = ">=2.13.0,<3.0.0"
smart-open = ">=5.2.1,<7.0.0"
srsly = ">=2.4.3,<3.0.0"
typer = ">=0.3.0,<0.10.0"
wasabi = ">=0.9.1,<1.2.0"

[metadata]
lock-version = "1.1"
python-versions = "^3.11"
content-hash = "309b2057523ee5b294816efbbddf226db6c291f71e4a2f7a841edff609a8fa25"

[metadata.files]
altair = []
annotated-types = []
appdirs = []
appnope = []
asttokens = []
attrs = []
black = []
blis = []
catalogue = []
certifi = []
cffi = []
charset-normalizer = []
click = []
cloudpathlib = []
colorama = [
    {file = "colorama-0.4.6-py2.py3-none-any.whl", hash = "sha256:4f1d9991f5acc0ca119f9d443620b77f9d6b33703e51011c16baf57afb285fc6"},
    {file = "colorama-0.4.6.tar.gz", hash = "sha256:08695f5cb7ed6e0531a20572697297273c47b8cae5a63ffc6d6ed5c201be6e44"},
]
comm = []
confection = []
cymem = []
debugpy = []
decorator = []
docker-pycreds = []
executing = []
fastjsonschema = []
filelock = []
flake8 = []
fsspec = []
gitdb = []
gitpython = []
gputil = []
idna = [
    {file = "idna-3.4-py3-none-any.whl", hash = "sha256:90b77e79eaa3eba6de819a0c442c0b4ceefc341a7a2ab77d7562bf49f425c5c2"},
    {file = "idna-3.4.tar.gz", hash = "sha256:814f528e8dead7d329833b91c5faa87d60bf71824cd12a7530b5526063d02cb4"},
]
ipykernel = []
ipython = []
jedi = []
jinja2 = []
jsonschema = []
jsonschema-specifications = []
jupyter-client = []
jupyter-core = []
jupytext = []
langcodes = []
markdown-it-py = []
markupsafe = []
matplotlib-inline = [
    {file = "matplotlib-inline-0.1.6.tar.gz", hash = "sha256:f887e5f10ba98e8d2b150ddcf4702c1e5f8b3a20005eb0f74bfdbd360ee6f304"},
    {file = "matplotlib_inline-0.1.6-py3-none-any.whl", hash = "sha256:f1f41aab5328aa5aaea9b16d083b128102f8712542f819fe7e6a420ff581b311"},
]
mccabe = []
mdit-py-plugins = []
mdurl = []
mpmath = []
murmurhash = []
mypy-extensions = []
nbformat = []
nest-asyncio = []
networkx = []
numpy = []
nvidia-cublas-cu12 = []
nvidia-cuda-cupti-cu12 = []
nvidia-cuda-nvrtc-cu12 = []
nvidia-cuda-runtime-cu12 = []
nvidia-cudnn-cu12 = []
nvidia-cufft-cu12 = []
nvidia-curand-cu12 = []
nvidia-cusolver-cu12 = []
nvidia-cusparse-cu12 = []
nvidia-nccl-cu12 = []
nvidia-nvjitlink-cu12 = []
nvidia-nvtx-cu12 = []
packaging = []
pandas = []
parso = []
pathspec = []
pexpect = []
platformdirs = []
portalocker = []
preshed = []
prompt-toolkit = []
protobuf = []
psutil = []
ptyprocess = []
pure-eval = [
    {file = "pure_eval-0.2.2-py3-none-any.whl", hash = "sha256:01eaab343580944bc56080ebe0a674b39ec44a945e6d09ba7db3cb8cec289350"},
    {file = "pure_eval-0.2.2.tar.gz", hash = "sha256:2b45320af6dfaa1750f543d714b6d1c520a1688dec6fd24d339063ce0aaa9ac3"},
]
pycodestyle = []
pycparser = []
pydantic = []
pydantic-core = []
pyflakes = []
pygments = []
python-dateutil = []
pytz = []
pywin32 = []
pyyaml = []
pyzmq = []
referencing = []
requests = []
rpds-py = []
sentry-sdk = []
setproctitle = []
six = []
smart-open = []
smmap = []
spacy = []
spacy-legacy = []
spacy-loggers = []
srsly = []
stack-data = []
sympy = []
thinc = []
toml = []
toolz = []
torch = []
torchdata = []
torchtext = []
tornado = []
tqdm = []
traitlets = []
triton = []
typer = []
typing-extensions = []
tzdata = []
urllib3 = []
wandb = []
wasabi = []
wcwidth = []
weasel = []
